
Microsoft Visual Studio Solution File, Format Version 12.00
# Visual Studio Version 17
VisualStudioVersion = 17.12.35527.113 d17.12
MinimumVisualStudioVersion = 10.0.40219.1
Project("{FAE04EC0-301F-11D3-BF4B-00C04F79EFBC}") = "Bai1", "Bai1\Bai1.csproj", "{11990ED6-BDD6-4EF8-8668-062A6189C0E5}"
EndProject
Project("{FAE04EC0-301F-11D3-BF4B-00C04F79EFBC}") = "Bai2", "Bai2\Bai2.csproj", "{879393A9-BF37-40CE-9DC2-15CC6549C068}"
EndProject
Project("{FAE04EC0-301F-11D3-BF4B-00C04F79EFBC}") = "Bai3", "Bai3\Bai3.csproj", "{B3FA658F-84A6-410D-BBE6-34329B7C8331}"
EndProject
Global
	GlobalSection(SolutionConfigurationPlatforms) = preSolution
		Debug|Any CPU = Debug|Any CPU
		Release|Any CPU = Release|Any CPU
	EndGlobalSection
	GlobalSection(ProjectConfigurationPlatforms) = postSolution
		{11990ED6-BDD6-4EF8-8668-062A6189C0E5}.Debug|Any CPU.ActiveCfg = Debug|Any CPU
		{11990ED6-BDD6-4EF8-8668-062A6189C0E5}.Debug|Any CPU.Build.0 = Debug|Any CPU
		{11990ED6-BDD6-4EF8-8668-062A6189C0E5}.Release|Any CPU.ActiveCfg = Release|Any CPU
		{11990ED6-BDD6-4EF8-8668-062A6189C0E5}.Release|Any CPU.Build.0 = Release|Any CPU
		{879393A9-BF37-40CE-9DC2-15CC6549C068}.Debug|Any CPU.ActiveCfg = Debug|Any CPU
		{879393A9-BF37-40CE-9DC2-15CC6549C068}.Debug|Any CPU.Build.0 = Debug|Any CPU
		{879393A9-BF37-40CE-9DC2-15CC6549C068}.Release|Any CPU.ActiveCfg = Release|Any CPU
		{879393A9-BF37-40CE-9DC2-15CC6549C068}.Release|Any CPU.Build.0 = Release|Any CPU
		{B3FA658F-84A6-410D-BBE6-34329B7C8331}.Debug|Any CPU.ActiveCfg = Debug|Any CPU
		{B3FA658F-84A6-410D-BBE6-34329B7C8331}.Debug|Any CPU.Build.0 = Debug|Any CPU
		{B3FA658F-84A6-410D-BBE6-34329B7C8331}.Release|Any CPU.ActiveCfg = Release|Any CPU
		{B3FA658F-84A6-410D-BBE6-34329B7C8331}.Release|Any CPU.Build.0 = Release|Any CPU
	EndGlobalSection
	GlobalSection(SolutionProperties) = preSolution
		HideSolutionNode = FALSE
	EndGlobalSection
EndGlobal
